
Microsoft Visual Studio Solution File, Format Version 12.00
Project("{2150E333-8FDC-42A3-9474-1A3956D46DE8}") = "src", "src", "{3C33A0C8-8715-4403-888C-4D78F0B062D2}"
EndProject
Project("{2150E333-8FDC-42A3-9474-1A3956D46DE8}") = "tests", "tests", "{62660C5F-94EA-4CD0-B203-4C254AFD153D}"
EndProject
Project("{FAE04EC0-301F-11D3-BF4B-00C04F79EFBC}") = "FC.Codeflix.Catalog.UnitTests", "tests\FC.Codeflix.Catalog.UnitTests\FC.Codeflix.Catalog.UnitTests.csproj", "{5CA77E7A-28DB-48CD-BFC5-B56C68178B2B}"
EndProject
Project("{FAE04EC0-301F-11D3-BF4B-00C04F79EFBC}") = "FC.Codeflix.Catalog.Domain", "src\FC.Codeflix.Catalog.Domain\FC.Codeflix.Catalog.Domain.csproj", "{9B53506D-05A3-4057-91A4-0B0ACFDB374A}"
EndProject
Project("{FAE04EC0-301F-11D3-BF4B-00C04F79EFBC}") = "FC.Codeflix.Catalog.Application", "src\FC.Codeflix.Catalog.Application\FC.Codeflix.Catalog.Application.csproj", "{A60A951E-2C6C-41E1-8235-F0ED2EF15D20}"
EndProject
Project("{FAE04EC0-301F-11D3-BF4B-00C04F79EFBC}") = "FC.Codeflix.Catalog.IntegrationTests", "tests\FC.Codeflix.Catalog.IntegrationTests\FC.Codeflix.Catalog.IntegrationTests.csproj", "{861249FD-9801-4FB0-AF77-6A2898F2185A}"
EndProject
Project("{FAE04EC0-301F-11D3-BF4B-00C04F79EFBC}") = "FC.Codeflix.Catalog.Infra.Data.EF", "src\FC.Codeflix.Catalog.Infra.Data.EF\FC.Codeflix.Catalog.Infra.Data.EF.csproj", "{D60AD64B-9877-4C3B-B4FF-64058DDB9B08}"
EndProject
Project("{FAE04EC0-301F-11D3-BF4B-00C04F79EFBC}") = "FC.Codeflix.Catalog.EndToEndTests", "tests\FC.Codeflix.Catalog.EndToEndTests\FC.Codeflix.Catalog.EndToEndTests.csproj", "{02562284-F645-4B09-8BE5-08F9DCA92FDC}"
EndProject
Project("{FAE04EC0-301F-11D3-BF4B-00C04F79EFBC}") = "FC.Codeflix.Catalog.Api", "src\FC.Codeflix.Catalog.Api\FC.Codeflix.Catalog.Api.csproj", "{B233FC42-88AB-4FD9-992A-DCCB59FDE2B0}"
EndProject
Global
	GlobalSection(SolutionConfigurationPlatforms) = preSolution
		Debug|Any CPU = Debug|Any CPU
		Release|Any CPU = Release|Any CPU
	EndGlobalSection
	GlobalSection(ProjectConfigurationPlatforms) = postSolution
		{5CA77E7A-28DB-48CD-BFC5-B56C68178B2B}.Debug|Any CPU.ActiveCfg = Debug|Any CPU
		{5CA77E7A-28DB-48CD-BFC5-B56C68178B2B}.Debug|Any CPU.Build.0 = Debug|Any CPU
		{5CA77E7A-28DB-48CD-BFC5-B56C68178B2B}.Release|Any CPU.ActiveCfg = Release|Any CPU
		{5CA77E7A-28DB-48CD-BFC5-B56C68178B2B}.Release|Any CPU.Build.0 = Release|Any CPU
		{9B53506D-05A3-4057-91A4-0B0ACFDB374A}.Debug|Any CPU.ActiveCfg = Debug|Any CPU
		{9B53506D-05A3-4057-91A4-0B0ACFDB374A}.Debug|Any CPU.Build.0 = Debug|Any CPU
		{9B53506D-05A3-4057-91A4-0B0ACFDB374A}.Release|Any CPU.ActiveCfg = Release|Any CPU
		{9B53506D-05A3-4057-91A4-0B0ACFDB374A}.Release|Any CPU.Build.0 = Release|Any CPU
		{A60A951E-2C6C-41E1-8235-F0ED2EF15D20}.Debug|Any CPU.ActiveCfg = Debug|Any CPU
		{A60A951E-2C6C-41E1-8235-F0ED2EF15D20}.Debug|Any CPU.Build.0 = Debug|Any CPU
		{A60A951E-2C6C-41E1-8235-F0ED2EF15D20}.Release|Any CPU.ActiveCfg = Release|Any CPU
		{A60A951E-2C6C-41E1-8235-F0ED2EF15D20}.Release|Any CPU.Build.0 = Release|Any CPU
		{861249FD-9801-4FB0-AF77-6A2898F2185A}.Debug|Any CPU.ActiveCfg = Debug|Any CPU
		{861249FD-9801-4FB0-AF77-6A2898F2185A}.Debug|Any CPU.Build.0 = Debug|Any CPU
		{861249FD-9801-4FB0-AF77-6A2898F2185A}.Release|Any CPU.ActiveCfg = Release|Any CPU
		{861249FD-9801-4FB0-AF77-6A2898F2185A}.Release|Any CPU.Build.0 = Release|Any CPU
		{D60AD64B-9877-4C3B-B4FF-64058DDB9B08}.Debug|Any CPU.ActiveCfg = Debug|Any CPU
		{D60AD64B-9877-4C3B-B4FF-64058DDB9B08}.Debug|Any CPU.Build.0 = Debug|Any CPU
		{D60AD64B-9877-4C3B-B4FF-64058DDB9B08}.Release|Any CPU.ActiveCfg = Release|Any CPU
		{D60AD64B-9877-4C3B-B4FF-64058DDB9B08}.Release|Any CPU.Build.0 = Release|Any CPU
		{02562284-F645-4B09-8BE5-08F9DCA92FDC}.Debug|Any CPU.ActiveCfg = Debug|Any CPU
		{02562284-F645-4B09-8BE5-08F9DCA92FDC}.Debug|Any CPU.Build.0 = Debug|Any CPU
		{02562284-F645-4B09-8BE5-08F9DCA92FDC}.Release|Any CPU.ActiveCfg = Release|Any CPU
		{02562284-F645-4B09-8BE5-08F9DCA92FDC}.Release|Any CPU.Build.0 = Release|Any CPU
		{B233FC42-88AB-4FD9-992A-DCCB59FDE2B0}.Debug|Any CPU.ActiveCfg = Debug|Any CPU
		{B233FC42-88AB-4FD9-992A-DCCB59FDE2B0}.Debug|Any CPU.Build.0 = Debug|Any CPU
		{B233FC42-88AB-4FD9-992A-DCCB59FDE2B0}.Release|Any CPU.ActiveCfg = Release|Any CPU
		{B233FC42-88AB-4FD9-992A-DCCB59FDE2B0}.Release|Any CPU.Build.0 = Release|Any CPU
	EndGlobalSection
	GlobalSection(NestedProjects) = preSolution
		{5CA77E7A-28DB-48CD-BFC5-B56C68178B2B} = {62660C5F-94EA-4CD0-B203-4C254AFD153D}
		{9B53506D-05A3-4057-91A4-0B0ACFDB374A} = {3C33A0C8-8715-4403-888C-4D78F0B062D2}
		{A60A951E-2C6C-41E1-8235-F0ED2EF15D20} = {3C33A0C8-8715-4403-888C-4D78F0B062D2}
		{861249FD-9801-4FB0-AF77-6A2898F2185A} = {62660C5F-94EA-4CD0-B203-4C254AFD153D}
		{D60AD64B-9877-4C3B-B4FF-64058DDB9B08} = {3C33A0C8-8715-4403-888C-4D78F0B062D2}
		{02562284-F645-4B09-8BE5-08F9DCA92FDC} = {62660C5F-94EA-4CD0-B203-4C254AFD153D}
		{B233FC42-88AB-4FD9-992A-DCCB59FDE2B0} = {3C33A0C8-8715-4403-888C-4D78F0B062D2}
	EndGlobalSection
EndGlobal
